github.com/sakschools/saks-shared-theme v0.0.0-20260606112456-e698c93d336e h1:riut6zySaevX493/PQZnDfP+Ad0vq08XnUvfIBOAY9U=
github.com/sakschools/saks-shared-theme v0.0.0-20260606112456-e698c93d336e/go.mod h1:ERnSIgKo9DZstvbXaOQvy7TUVfalzsVwgfy6hbhppVc=
github.com/sakschools/saks-shared-theme v0.0.0-20260621165051-5b37fca1dd8f h1:mOR74REAqeagizoilJRWXkP3dA7Ms6X/j6sT2AztRdk=
github.com/sakschools/saks-shared-theme v0.0.0-20260621165051-5b37fca1dd8f/go.mod h1:ERnSIgKo9DZstvbXaOQvy7TUVfalzsVwgfy6hbhppVc=
github.com/sakschools/saks-shared-theme v0.0.0-20260701184552-52dffa7729f4 h1:9uQn4G4UodX580diWp81iPO0h1sIbjcmxAbZaY/ZAmw=
github.com/sakschools/saks-shared-theme v0.0.0-20260701184552-52dffa7729f4/go.mod h1:ERnSIgKo9DZstvbXaOQvy7TUVfalzsVwgfy6hbhppVc=
